// !$*UTF8*$!
{
	archiveVersion = 1;
	classes = {
	};
	objectVersion = 48;
	objects = {

/* Begin PBXBuildFile section */
		F202F59E1FE82CFC003C2A52 /* AppDelegate.swift in Sources */ = {isa = PBXBuildFile; fileRef = F202F59D1FE82CFC003C2A52 /* AppDelegate.swift */; };
		F202F5A31FE82CFC003C2A52 /* Main.storyboard in Resources */ = {isa = PBXBuildFile; fileRef = F202F5A11FE82CFC003C2A52 /* Main.storyboard */; };
		F202F5A61FE82CFC003C2A52 /* simplyTodo.xcdatamodeld in Sources */ = {isa = PBXBuildFile; fileRef = F202F5A41FE82CFC003C2A52 /* simplyTodo.xcdatamodeld */; };
		F202F5A81FE82CFC003C2A52 /* Assets.xcassets in Resources */ = {isa = PBXBuildFile; fileRef = F202F5A71FE82CFC003C2A52 /* Assets.xcassets */; };
		F202F5AB1FE82CFC003C2A52 /* LaunchScreen.storyboard in Resources */ = {isa = PBXBuildFile; fileRef = F202F5A91FE82CFC003C2A52 /* LaunchScreen.storyboard */; };
		F202F5B31FE964E5003C2A52 /* MainTableViewController.swift in Sources */ = {isa = PBXBuildFile; fileRef = F202F5B21FE964E5003C2A52 /* MainTableViewController.swift */; };
/* End PBXBuildFile section */

/* Begin PBXFileReference section */
		F202F59A1FE82CFC003C2A52 /* simplyTodo.app */ = {isa = PBXFileReference; explicitFileType = wrapper.application; includeInIndex = 0; path = simplyTodo.app; sourceTree = BUILT_PRODUCTS_DIR; };
		F202F59D1FE82CFC003C2A52 /* AppDelegate.swift */ = {isa = PBXFileReference; lastKnownFileType = sourcecode.swift; path = AppDelegate.swift; sourceTree = "<group>"; };
		F202F5A21FE82CFC003C2A52 /* Base */ = {isa = PBXFileReference; lastKnownFileType = file.storyboard; name = Base; path = Base.lproj/Main.storyboard; sourceTree = "<group>"; };
		F202F5A51FE82CFC003C2A52 /* simplyTodo.xcdatamodel */ = {isa = PBXFileReference; lastKnownFileType = wrapper.xcdatamodel; path = simplyTodo.xcdatamodel; sourceTree = "<group>"; };
		F202F5A71FE82CFC003C2A52 /* Assets.xcassets */ = {isa = PBXFileReference; lastKnownFileType = folder.assetcatalog; path = Assets.xcassets; sourceTree = "<group>"; };
		F202F5AA1FE82CFC003C2A52 /* Base */ = {isa = PBXFileReference; lastKnownFileType = file.storyboard; name = Base; path = Base.lproj/LaunchScreen.storyboard; sourceTree = "<group>"; };
		F202F5AC1FE82CFC003C2A52 /* Info.plist */ = {isa = PBXFileReference; lastKnownFileType = text.plist.xml; path = Info.plist; sourceTree = "<group>"; };
		F202F5B21FE964E5003C2A52 /* MainTableViewController.swift */ = {isa = PBXFileReference; lastKnownFileType = sourcecode.swift; path = MainTableViewController.swift; sourceTree = "<group>"; };
/* End PBXFileReference section */

/* Begin PBXFrameworksBuildPhase section */
		F202F5971FE82CFC003C2A52 /* Frameworks */ = {
			isa = PBXFrameworksBuildPhase;
			buildActionMask = 2147483647;
			files = (
			);
			runOnlyForDeploymentPostprocessing = 0;
		};
/* End PBXFrameworksBuildPhase section */

/* Begin PBXGroup section */
		F202F5911FE82CFC003C2A52 = {
			isa = PBXGroup;
			children = (
				F202F59C1FE82CFC003C2A52 /* simplyTodo */,
				F202F59B1FE82CFC003C2A52 /* Products */,
			);
			sourceTree = "<group>";
		};
		F202F59B1FE82CFC003C2A52 /* Products */ = {
			isa = PBXGroup;
			children = (
				F202F59A1FE82CFC003C2A52 /* simplyTodo.app */,
			);
			name = Products;
			sourceTree = "<group>";
		};
		F202F59C1FE82CFC003C2A52 /* simplyTodo */ = {
			isa = PBXGroup;
			children = (
				F202F59D1FE82CFC003C2A52 /* AppDelegate.swift */,
				F25825F92009361D004A00C8 /* controllers */,
				F25825F8200935F6004A00C8 /* dataModel */,
				F25825FA20093634004A00C8 /* views */,
				F25825FB2009364E004A00C8 /* supportingFile */,
				F202F5AC1FE82CFC003C2A52 /* Info.plist */,
			);
			path = simplyTodo;
			sourceTree = "<group>";
		};
		F25825F8200935F6004A00C8 /* dataModel */ = {
			isa = PBXGroup;
			children = (
				F202F5A41FE82CFC003C2A52 /* simplyTodo.xcdatamodeld */,
			);
			path = dataModel;
			sourceTree = "<group>";
		};
		F25825F92009361D004A00C8 /* controllers */ = {
			isa = PBXGroup;
			children = (
				F202F5B21FE964E5003C2A52 /* MainTableViewController.swift */,
			);
			path = controllers;
			sourceTree = "<group>";
		};
		F25825FA20093634004A00C8 /* views */ = {
			isa = PBXGroup;
			children = (
				F202F5A11FE82CFC003C2A52 /* Main.storyboard */,
			);
			path = views;
			sourceTree = "<group>";
		};
		F25825FB2009364E004A00C8 /* supportingFile */ = {
			isa = PBXGroup;
			children = (
				F202F5A71FE82CFC003C2A52 /* Assets.xcassets */,
				F202F5A91FE82CFC003C2A52 /* LaunchScreen.storyboard */,
			);
			path = supportingFile;
			sourceTree = "<group>";
		};
/* End PBXGroup section */

/* Begin PBXNativeTarget section */
		F202F5991FE82CFC003C2A52 /* simplyTodo */ = {
			isa = PBXNativeTarget;
			buildConfigurationList = F202F5AF1FE82CFC003C2A52 /* Build configuration list for PBXNativeTarget "simplyTodo" */;
			buildPhases = (
				F202F5961FE82CFC003C2A52 /* Sources */,
				F202F5971FE82CFC003C2A52 /* Frameworks */,
				F202F5981FE82CFC003C2A52 /* Resources */,
			);
			buildRules = (
			);
			dependencies = (
			);
			name = simplyTodo;
			productName = simplyTodo;
			productReference = F202F59A1FE82CFC003C2A52 /* simplyTodo.app */;
			productType = "com.apple.product-type.application";
		};
/* End PBXNativeTarget section */

/* Begin PBXProject section */
		F202F5921FE82CFC003C2A52 /* Project object */ = {
			isa = PBXProject;
			attributes = {
				LastSwiftUpdateCheck = 0920;
				LastUpgradeCheck = 0920;
				ORGANIZATIONNAME = "Darshan Patel";
				TargetAttributes = {
					F202F5991FE82CFC003C2A52 = {
						CreatedOnToolsVersion = 9.2;
						ProvisioningStyle = Automatic;
					};
				};
			};
			buildConfigurationList = F202F5951FE82CFC003C2A52 /* Build configuration list for PBXProject "simplyTodo" */;
			compatibilityVersion = "Xcode 8.0";
			developmentRegion = en;
			hasScannedForEncodings = 0;
			knownRegions = (
				en,
				Base,
			);
			mainGroup = F202F5911FE82CFC003C2A52;
			productRefGroup = F202F59B1FE82CFC003C2A52 /* Products */;
			projectDirPath = "";
			projectRoot = "";
			targets = (
				F202F5991FE82CFC003C2A52 /* simplyTodo */,
			);
		};
/* End PBXProject section */

/* Begin PBXResourcesBuildPhase section */
		F202F5981FE82CFC003C2A52 /* Resources */ = {
			isa = PBXResourcesBuildPhase;
			buildActionMask = 2147483647;
			files = (
				F202F5AB1FE82CFC003C2A52 /* LaunchScreen.storyboard in Resources */,
				F202F5A81FE82CFC003C2A52 /* Assets.xcassets in Resources */,
				F202F5A31FE82CFC003C2A52 /* Main.storyboard in Resources */,
			);
			runOnlyForDeploymentPostprocessing = 0;
		};
/* End PBXResourcesBuildPhase section */

/* Begin PBXSourcesBuildPhase section */
		F202F5961FE82CFC003C2A52 /* Sources */ = {
			isa = PBXSourcesBuildPhase;
			buildActionMask = 2147483647;
			files = (
				F202F5A61FE82CFC003C2A52 /* simplyTodo.xcdatamodeld in Sources */,
				F202F5B31FE964E5003C2A52 /* MainTableViewController.swift in Sources */,
				F202F59E1FE82CFC003C2A52 /* AppDelegate.swift in Sources */,
			);
			runOnlyForDeploymentPostprocessing = 0;
		};
/* End PBXSourcesBuildPhase section */

/* Begin PBXVariantGroup section */
		F202F5A11FE82CFC003C2A52 /* Main.storyboard */ = {
			isa = PBXVariantGroup;
			children = (
				F202F5A21FE82CFC003C2A52 /* Base */,
			);
			name = Main.storyboard;
			sourceTree = "<group>";
		};
		F202F5A91FE82CFC003C2A52 /* LaunchScreen.storyboard */ = {
			isa = PBXVariantGroup;
			children = (
				F202F5AA1FE82CFC003C2A52 /* Base */,
			);
			name = LaunchScreen.storyboard;
			sourceTree = "<group>";
		};
/* End PBXVariantGroup section */

/* Begin XCBuildConfiguration section */
		F202F5AD1FE82CFC003C2A52 /* Debug */ = {
			isa = XCBuildConfiguration;
			buildSettings = {
				ALWAYS_SEARCH_USER_PATHS = NO;
				CLANG_ANALYZER_NONNULL = YES;
				CLANG_ANALYZER_NUMBER_OBJECT_CONVERSION = YES_AGGRESSIVE;
				CLANG_CXX_LANGUAGE_STANDARD = "gnu++14";
				CLANG_CXX_LIBRARY = "libc++";
				CLANG_ENABLE_MODULES = YES;
				CLANG_ENABLE_OBJC_ARC = YES;
				CLANG_WARN_BLOCK_CAPTURE_AUTORELEASING = YES;
				CLANG_WARN_BOOL_CONVERSION = YES;
				CLANG_WARN_COMMA = YES;
				CLANG_WARN_CONSTANT_CONVERSION = YES;
				CLANG_WARN_DIRECT_OBJC_ISA_USAGE = YES_ERROR;
				CLANG_WARN_DOCUMENTATION_COMMENTS = YES;
				CLANG_WARN_EMPTY_BODY = YES;
				CLANG_WARN_ENUM_CONVERSION = YES;
				CLANG_WARN_INFINITE_RECURSION = YES;
				CLANG_WARN_INT_CONVERSION = YES;
				CLANG_WARN_NON_LITERAL_NULL_CONVERSION = YES;
				CLANG_WARN_OBJC_LITERAL_CONVERSION = YES;
				CLANG_WARN_OBJC_ROOT_CLASS = YES_ERROR;
				CLANG_WARN_RANGE_LOOP_ANALYSIS = YES;
				CLANG_WARN_STRICT_PROTOTYPES = YES;
				CLANG_WARN_SUSPICIOUS_MOVE = YES;
				CLANG_WARN_UNGUARDED_AVAILABILITY = YES_AGGRESSIVE;
				CLANG_WARN_UNREACHABLE_CODE = YES;
				CLANG_WARN__DUPLICATE_METHOD_MATCH = YES;
				CODE_SIGN_IDENTITY = "iPhone Developer";
				COPY_PHASE_STRIP = NO;
				DEBUG_INFORMATION_FORMAT = dwarf;
				ENABLE_STRICT_OBJC_MSGSEND = YES;
				ENABLE_TESTABILITY = YES;
				GCC_C_LANGUAGE_STANDARD = gnu11;
				GCC_DYNAMIC_NO_PIC = NO;
				GCC_NO_COMMON_BLOCKS = YES;
				GCC_OPTIMIZATION_LEVEL = 0;
				GCC_PREPROCESSOR_DEFINITIONS = (
					"DEBUG=1",
					"$(inherited)",
				);
				GCC_WARN_64_TO_32_BIT_CONVERSION = YES;
				GCC_WARN_ABOUT_RETURN_TYPE = YES_ERROR;
				GCC_WARN_UNDECLARED_SELECTOR = YES;
				GCC_WARN_UNINITIALIZED_AUTOS = YES_AGGRESSIVE;
				GCC_WARN_UNUSED_FUNCTION = YES;
				GCC_WARN_UNUSED_VARIABLE = YES;
				IPHONEOS_DEPLOYMENT_TARGET = 11.2;
				MTL_ENABLE_DEBUG_INFO = YES;
				ONLY_ACTIVE_ARCH = YES;
				SDKROOT = iphoneos;
				SWIFT_ACTIVE_COMPILATION_CONDITIONS = DEBUG;
				SWIFT_OPTIMIZATION_LEVEL = "-Onone";
			};
			name = Debug;
		};
		F202F5AE1FE82CFC003C2A52 /* Release */ = {
			isa = XCBuildConfiguration;
			buildSettings = {
				ALWAYS_SEARCH_USER_PATHS = NO;
				CLANG_ANALYZER_NONNULL = YES;
				CLANG_ANALYZER_NUMBER_OBJECT_CONVERSION = YES_AGGRESSIVE;
				CLANG_CXX_LANGUAGE_STANDARD = "gnu++14";
				CLANG_CXX_LIBRARY = "libc++";
				CLANG_ENABLE_MODULES = YES;
				CLANG_ENABLE_OBJC_ARC = YES;
				CLANG_WARN_BLOCK_CAPTURE_AUTORELEASING = YES;
				CLANG_WARN_BOOL_CONVERSION = YES;
				CLANG_WARN_COMMA = YES;
				CLANG_WARN_CONSTANT_CONVERSION = YES;
				CLANG_WARN_DIRECT_OBJC_ISA_USAGE = YES_ERROR;
				CLANG_WARN_DOCUMENTATION_COMMENTS = YES;
				CLANG_WARN_EMPTY_BODY = YES;
				CLANG_WARN_ENUM_CONVERSION = YES;
				CLANG_WARN_INFINITE_RECURSION = YES;
				CLANG_WARN_INT_CONVERSION = YES;
				CLANG_WARN_NON_LITERAL_NULL_CONVERSION = YES;
				CLANG_WARN_OBJC_LITERAL_CONVERSION = YES;
				CLANG_WARN_OBJC_ROOT_CLASS = YES_ERROR;
				CLANG_WARN_RANGE_LOOP_ANALYSIS = YES;
				CLANG_WARN_STRICT_PROTOTYPES = YES;
				CLANG_WARN_SUSPICIOUS_MOVE = YES;
				CLANG_WARN_UNGUARDED_AVAILABILITY = YES_AGGRESSIVE;
				CLANG_WARN_UNREACHABLE_CODE = YES;
				CLANG_WARN__DUPLICATE_METHOD_MATCH = YES;
				CODE_SIGN_IDENTITY = "iPhone Developer";
				COPY_PHASE_STRIP = NO;
				DEBUG_INFORMATION_FORMAT = "dwarf-with-dsym";
				ENABLE_NS_ASSERTIONS = NO;
				ENABLE_STRICT_OBJC_MSGSEND = YES;
				GCC_C_LANGUAGE_STANDARD = gnu11;
				GCC_NO_COMMON_BLOCKS = YES;
				GCC_WARN_64_TO_32_BIT_CONVERSION = YES;
				GCC_WARN_ABOUT_RETURN_TYPE = YES_ERROR;
				GCC_WARN_UNDECLARED_SELECTOR = YES;
				GCC_WARN_UNINITIALIZED_AUTOS = YES_AGGRESSIVE;
				GCC_WARN_UNUSED_FUNCTION = YES;
				GCC_WARN_UNUSED_VARIABLE = YES;
				IPHONEOS_DEPLOYMENT_TARGET = 11.2;
				MTL_ENABLE_DEBUG_INFO = NO;
				SDKROOT = iphoneos;
				SWIFT_OPTIMIZATION_LEVEL = "-Owholemodule";
				VALIDATE_PRODUCT = YES;
			};
			name = Release;
		};
		F202F5B01FE82CFC003C2A52 /* Debug */ = {
			isa = XCBuildConfiguration;
			buildSettings = {
				ASSETCATALOG_COMPILER_APPICON_NAME = AppIcon;
				CODE_SIGN_STYLE = Automatic;
				DEVELOPMENT_TEAM = 58JZ3RD5UX;
				INFOPLIST_FILE = simplyTodo/Info.plist;
				IPHONEOS_DEPLOYMENT_TARGET = 11.0;
				LD_RUNPATH_SEARCH_PATHS = "$(inherited) @executable_path/Frameworks";
				PRODUCT_BUNDLE_IDENTIFIER = com.darshan.simplyTodo;
				PRODUCT_NAME = "$(TARGET_NAME)";
				SWIFT_VERSION = 4.0;
				TARGETED_DEVICE_FAMILY = "1,2";
			};
			name = Debug;
		};
		F202F5B11FE82CFC003C2A52 /* Release */ = {
			isa = XCBuildConfiguration;
			buildSettings = {
				ASSETCATALOG_COMPILER_APPICON_NAME = AppIcon;
				CODE_SIGN_STYLE = Automatic;
				DEVELOPMENT_TEAM = 58JZ3RD5UX;
				INFOPLIST_FILE = simplyTodo/Info.plist;
				IPHONEOS_DEPLOYMENT_TARGET = 11.0;
				LD_RUNPATH_SEARCH_PATHS = "$(inherited) @executable_path/Frameworks";
				PRODUCT_BUNDLE_IDENTIFIER = com.darshan.simplyTodo;
				PRODUCT_NAME = "$(TARGET_NAME)";
				SWIFT_VERSION = 4.0;
				TARGETED_DEVICE_FAMILY = "1,2";
			};
			name = Release;
		};
/* End XCBuildConfiguration section */

/* Begin XCConfigurationList section */
		F202F5951FE82CFC003C2A52 /* Build configuration list for PBXProject "simplyTodo" */ = {
			isa = XCConfigurationList;
			buildConfigurations = (
				F202F5AD1FE82CFC003C2A52 /* Debug */,
				F202F5AE1FE82CFC003C2A52 /* Release */,
			);
			defaultConfigurationIsVisible = 0;
			defaultConfigurationName = Release;
		};
		F202F5AF1FE82CFC003C2A52 /* Build configuration list for PBXNativeTarget "simplyTodo" */ = {
			isa = XCConfigurationList;
			buildConfigurations = (
				F202F5B01FE82CFC003C2A52 /* Debug */,
				F202F5B11FE82CFC003C2A52 /* Release */,
			);
			defaultConfigurationIsVisible = 0;
			defaultConfigurationName = Release;
		};
/* End XCConfigurationList section */

/* Begin XCVersionGroup section */
		F202F5A41FE82CFC003C2A52 /* simplyTodo.xcdatamodeld */ = {
			isa = XCVersionGroup;
			children = (
				F202F5A51FE82CFC003C2A52 /* simplyTodo.xcdatamodel */,
			);
			currentVersion = F202F5A51FE82CFC003C2A52 /* simplyTodo.xcdatamodel */;
			path = simplyTodo.xcdatamodeld;
			sourceTree = "<group>";
			versionGroupType = wrapper.xcdatamodel;
		};
/* End XCVersionGroup section */
	};
	rootObject = F202F5921FE82CFC003C2A52 /* Project object */;
}
